// !$*UTF8*$!
{
	archiveVersion = 1;
	classes = {
	};
	objectVersion = 77;
	objects = {

/* Begin PBXBuildFile section */
		301A8A6B3055AE9400F58E4C /* Auth in Frameworks */ = {isa = PBXBuildFile; productRef = 301A8A6A3055AE9400F58E4C /* Auth */; };
		301A8A6D3055AE9400F58E4C /* Supabase in Frameworks */ = {isa = PBXBuildFile; productRef = 301A8A6C3055AE9400F58E4C /* Supabase */; };
		3038BC7F3055653100F6843E /* README.md in Resources */ = {isa = PBXBuildFile; fileRef = 3038BC7D3055652500F6843E /* README.md */; };
		3038BC8130556C7300F6843E /* .gitignore in Sources */ = {isa = PBXBuildFile; fileRef = 3038BC8030556C7200F6843E /* .gitignore */; };
/* End PBXBuildFile section */

/* Begin PBXContainerItemProxy section */
		3038BC613055649200F6843E /* PBXContainerItemProxy */ = {
			isa = PBXContainerItemProxy;
			containerPortal = 3038BC4B3055649000F6843E /* Project object */;
			proxyType = 1;
			remoteGlobalIDString = 3038BC523055649000F6843E;
			remoteInfo = MyLife;
		};
		3038BC6B3055649200F6843E /* PBXContainerItemProxy */ = {
			isa = PBXContainerItemProxy;
			containerPortal = 3038BC4B3055649000F6843E /* Project object */;
			proxyType = 1;
			remoteGlobalIDString = 3038BC523055649000F6843E;
			remoteInfo = MyLife;
		};
/* End PBXContainerItemProxy section */

/* Begin PBXFileReference section */
		3038BC533055649000F6843E /* MyLife.app */ = {isa = PBXFileReference; explicitFileType = wrapper.application; includeInIndex = 0; path = MyLife.app; sourceTree = BUILT_PRODUCTS_DIR; };
		3038BC603055649200F6843E /* MyLifeTests.xctest */ = {isa = PBXFileReference; explicitFileType = wrapper.cfbundle; includeInIndex = 0; path = MyLifeTests.xctest; sourceTree = BUILT_PRODUCTS_DIR; };
		3038BC6A3055649200F6843E /* MyLifeUITests.xctest */ = {isa = PBXFileReference; explicitFileType = wrapper.cfbundle; includeInIndex = 0; path = MyLifeUITests.xctest; sourceTree = BUILT_PRODUCTS_DIR; };
		3038BC7D3055652500F6843E /* README.md */ = {isa = PBXFileReference; lastKnownFileType = net.daringfireball.markdown; path = README.md; sourceTree = "<group>"; };
		3038BC8030556C7200F6843E /* .gitignore */ = {isa = PBXFileReference; lastKnownFileType = text; path = .gitignore; sourceTree = "<group>"; };
/* End PBXFileReference section */

/* Begin PBXFileSystemSynchronizedBuildFileExceptionSet section */
		3052F44B3055C1A500307843 /* Exceptions for "MyLife" folder in "MyLife" target */ = {
			isa = PBXFileSystemSynchronizedBuildFileExceptionSet;
			membershipExceptions = (
				Info.plist,
			);
			target = 3038BC523055649000F6843E /* MyLife */;
		};
/* End PBXFileSystemSynchronizedBuildFileExceptionSet section */

/* Begin PBXFileSystemSynchronizedGroupBuildPhaseMembershipExceptionSet section */
		301A8A683055AC2D00F58E4C /* Exceptions for "MyLife" folder in "Copy Bundle Resources" phase from "MyLife" target */ = {
			isa = PBXFileSystemSynchronizedGroupBuildPhaseMembershipExceptionSet;
			buildPhase = 3038BC513055649000F6843E /* Resources */;
			membershipExceptions = (
				"Models/UIImage+Crop.swift",
				Services/SupabaseManager.swift,
			);
		};
/* End PBXFileSystemSynchronizedGroupBuildPhaseMembershipExceptionSet section */

/* Begin PBXFileSystemSynchronizedRootGroup section */
		3038BC553055649000F6843E /* MyLife */ = {
			isa = PBXFileSystemSynchronizedRootGroup;
			exceptions = (
				3052F44B3055C1A500307843 /* Exceptions for "MyLife" folder in "MyLife" target */,
				301A8A683055AC2D00F58E4C /* Exceptions for "MyLife" folder in "Copy Bundle Resources" phase from "MyLife" target */,
			);
			path = MyLife;
			sourceTree = "<group>";
		};
		3038BC633055649200F6843E /* MyLifeTests */ = {
			isa = PBXFileSystemSynchronizedRootGroup;
			path = MyLifeTests;
			sourceTree = "<group>";
		};
		3038BC6D3055649200F6843E /* MyLifeUITests */ = {
			isa = PBXFileSystemSynchronizedRootGroup;
			path = MyLifeUITests;
			sourceTree = "<group>";
		};
/* End PBXFileSystemSynchronizedRootGroup section */

/* Begin PBXFrameworksBuildPhase section */
		3038BC503055649000F6843E /* Frameworks */ = {
			isa = PBXFrameworksBuildPhase;
			buildActionMask = 2147483647;
			files = (
				301A8A6D3055AE9400F58E4C /* Supabase in Frameworks */,
				301A8A6B3055AE9400F58E4C /* Auth in Frameworks */,
			);
			runOnlyForDeploymentPostprocessing = 0;
		};
		3038BC5D3055649200F6843E /* Frameworks */ = {
			isa = PBXFrameworksBuildPhase;
			buildActionMask = 2147483647;
			files = (
			);
			runOnlyForDeploymentPostprocessing = 0;
		};
		3038BC673055649200F6843E /* Frameworks */ = {
			isa = PBXFrameworksBuildPhase;
			buildActionMask = 2147483647;
			files = (
			);
			runOnlyForDeploymentPostprocessing = 0;
		};
/* End PBXFrameworksBuildPhase section */

/* Begin PBXGroup section */
		3038BC4A3055649000F6843E = {
			isa = PBXGroup;
			children = (
				3038BC7D3055652500F6843E /* README.md */,
				3038BC8030556C7200F6843E /* .gitignore */,
				3038BC553055649000F6843E /* MyLife */,
				3038BC633055649200F6843E /* MyLifeTests */,
				3038BC6D3055649200F6843E /* MyLifeUITests */,
				3038BC543055649000F6843E /* Products */,
			);
			sourceTree = "<group>";
		};
		3038BC543055649000F6843E /* Products */ = {
			isa = PBXGroup;
			children = (
				3038BC533055649000F6843E /* MyLife.app */,
				3038BC603055649200F6843E /* MyLifeTests.xctest */,
				3038BC6A3055649200F6843E /* MyLifeUITests.xctest */,
			);
			name = Products;
			sourceTree = "<group>";
		};
/* End PBXGroup section */

/* Begin PBXNativeTarget section */
		3038BC523055649000F6843E /* MyLife */ = {
			isa = PBXNativeTarget;
			buildConfigurationList = 3038BC743055649200F6843E /* Build configuration list for PBXNativeTarget "MyLife" */;
			buildPhases = (
				3038BC4F3055649000F6843E /* Sources */,
				3038BC503055649000F6843E /* Frameworks */,
				3038BC513055649000F6843E /* Resources */,
			);
			buildRules = (
			);
			dependencies = (
			);
			fileSystemSynchronizedGroups = (
				3038BC553055649000F6843E /* MyLife */,
			);
			name = MyLife;
			packageProductDependencies = (
				301A8A6A3055AE9400F58E4C /* Auth */,
				301A8A6C3055AE9400F58E4C /* Supabase */,
			);
			productName = MyLife;
			productReference = 3038BC533055649000F6843E /* MyLife.app */;
			productType = "com.apple.product-type.application";
		};
		3038BC5F3055649200F6843E /* MyLifeTests */ = {
			isa = PBXNativeTarget;
			buildConfigurationList = 3038BC773055649200F6843E /* Build configuration list for PBXNativeTarget "MyLifeTests" */;
			buildPhases = (
				3038BC5C3055649200F6843E /* Sources */,
				3038BC5D3055649200F6843E /* Frameworks */,
				3038BC5E3055649200F6843E /* Resources */,
			);
			buildRules = (
			);
			dependencies = (
				3038BC623055649200F6843E /* PBXTargetDependency */,
			);
			fileSystemSynchronizedGroups = (
				3038BC633055649200F6843E /* MyLifeTests */,
			);
			name = MyLifeTests;
			packageProductDependencies = (
			);
			productName = MyLifeTests;
			productReference = 3038BC603055649200F6843E /* MyLifeTests.xctest */;
			productType = "com.apple.product-type.bundle.unit-test";
		};
		3038BC693055649200F6843E /* MyLifeUITests */ = {
			isa = PBXNativeTarget;
			buildConfigurationList = 3038BC7A3055649200F6843E /* Build configuration list for PBXNativeTarget "MyLifeUITests" */;
			buildPhases = (
				3038BC663055649200F6843E /* Sources */,
				3038BC673055649200F6843E /* Frameworks */,
				3038BC683055649200F6843E /* Resources */,
			);
			buildRules = (
			);
			dependencies = (
				3038BC6C3055649200F6843E /* PBXTargetDependency */,
			);
			fileSystemSynchronizedGroups = (
				3038BC6D3055649200F6843E /* MyLifeUITests */,
			);
			name = MyLifeUITests;
			packageProductDependencies = (
			);
			productName = MyLifeUITests;
			productReference = 3038BC6A3055649200F6843E /* MyLifeUITests.xctest */;
			productType = "com.apple.product-type.bundle.ui-testing";
		};
/* End PBXNativeTarget section */

/* Begin PBXProject section */
		3038BC4B3055649000F6843E /* Project object */ = {
			isa = PBXProject;
			attributes = {
				BuildIndependentTargetsInParallel = 1;
				LastSwiftUpdateCheck = 2660;
				LastUpgradeCheck = 2660;
				TargetAttributes = {
					3038BC523055649000F6843E = {
						CreatedOnToolsVersion = 26.6;
					};
					3038BC5F3055649200F6843E = {
						CreatedOnToolsVersion = 26.6;
						TestTargetID = 3038BC523055649000F6843E;
					};
					3038BC693055649200F6843E = {
						CreatedOnToolsVersion = 26.6;
						TestTargetID = 3038BC523055649000F6843E;
					};
				};
			};
			buildConfigurationList = 3038BC4E3055649000F6843E /* Build configuration list for PBXProject "MyLife" */;
			developmentRegion = en;
			hasScannedForEncodings = 0;
			knownRegions = (
				en,
				Base,
			);
			mainGroup = 3038BC4A3055649000F6843E;
			minimizedProjectReferenceProxies = 1;
			packageReferences = (
				301A8A693055AE9400F58E4C /* XCRemoteSwiftPackageReference "supabase-swift" */,
			);
			preferredProjectObjectVersion = 77;
			productRefGroup = 3038BC543055649000F6843E /* Products */;
			projectDirPath = "";
			projectRoot = "";
			targets = (
				3038BC523055649000F6843E /* MyLife */,
				3038BC5F3055649200F6843E /* MyLifeTests */,
				3038BC693055649200F6843E /* MyLifeUITests */,
			);
		};
/* End PBXProject section */

/* Begin PBXResourcesBuildPhase section */
		3038BC513055649000F6843E /* Resources */ = {
			isa = PBXResourcesBuildPhase;
			buildActionMask = 2147483647;
			files = (
				3038BC7F3055653100F6843E /* README.md in Resources */,
			);
			runOnlyForDeploymentPostprocessing = 0;
		};
		3038BC5E3055649200F6843E /* Resources */ = {
			isa = PBXResourcesBuildPhase;
			buildActionMask = 2147483647;
			files = (
			);
			runOnlyForDeploymentPostprocessing = 0;
		};
		3038BC683055649200F6843E /* Resources */ = {
			isa = PBXResourcesBuildPhase;
			buildActionMask = 2147483647;
			files = (
			);
			runOnlyForDeploymentPostprocessing = 0;
		};
/* End PBXResourcesBuildPhase section */

/* Begin PBXSourcesBuildPhase section */
		3038BC4F3055649000F6843E /* Sources */ = {
			isa = PBXSourcesBuildPhase;
			buildActionMask = 2147483647;
			files = (
				3038BC8130556C7300F6843E /* .gitignore in Sources */,
			);
			runOnlyForDeploymentPostprocessing = 0;
		};
		3038BC5C3055649200F6843E /* Sources */ = {
			isa = PBXSourcesBuildPhase;
			buildActionMask = 2147483647;
			files = (
			);
			runOnlyForDeploymentPostprocessing = 0;
		};
		3038BC663055649200F6843E /* Sources */ = {
			isa = PBXSourcesBuildPhase;
			buildActionMask = 2147483647;
			files = (
			);
			runOnlyForDeploymentPostprocessing = 0;
		};
/* End PBXSourcesBuildPhase section */

/* Begin PBXTargetDependency section */
		3038BC623055649200F6843E /* PBXTargetDependency */ = {
			isa = PBXTargetDependency;
			target = 3038BC523055649000F6843E /* MyLife */;
			targetProxy = 3038BC613055649200F6843E /* PBXContainerItemProxy */;
		};
		3038BC6C3055649200F6843E /* PBXTargetDependency */ = {
			isa = PBXTargetDependency;
			target = 3038BC523055649000F6843E /* MyLife */;
			targetProxy = 3038BC6B3055649200F6843E /* PBXContainerItemProxy */;
		};
/* End PBXTargetDependency section */

/* Begin XCBuildConfiguration section */
		3038BC723055649200F6843E /* Debug */ = {
			isa = XCBuildConfiguration;
			buildSettings = {
				ALWAYS_SEARCH_USER_PATHS = NO;
				ASSETCATALOG_COMPILER_GENERATE_SWIFT_ASSET_SYMBOL_EXTENSIONS = YES;
				CLANG_ANALYZER_NONNULL = YES;
				CLANG_ANALYZER_NUMBER_OBJECT_CONVERSION = YES_AGGRESSIVE;
				CLANG_CXX_LANGUAGE_STANDARD = "gnu++20";
				CLANG_ENABLE_MODULES = YES;
				CLANG_ENABLE_OBJC_ARC = YES;
				CLANG_ENABLE_OBJC_WEAK = YES;
				CLANG_WARN_BLOCK_CAPTURE_AUTORELEASING = YES;
				CLANG_WARN_BOOL_CONVERSION = YES;
				CLANG_WARN_COMMA = YES;
				CLANG_WARN_CONSTANT_CONVERSION = YES;
				CLANG_WARN_DEPRECATED_OBJC_IMPLEMENTATIONS = YES;
				CLANG_WARN_DIRECT_OBJC_ISA_USAGE = YES_ERROR;
				CLANG_WARN_DOCUMENTATION_COMMENTS = YES;
				CLANG_WARN_EMPTY_BODY = YES;
				CLANG_WARN_ENUM_CONVERSION = YES;
				CLANG_WARN_INFINITE_RECURSION = YES;
				CLANG_WARN_INT_CONVERSION = YES;
				CLANG_WARN_NON_LITERAL_NULL_CONVERSION = YES;
				CLANG_WARN_OBJC_IMPLICIT_RETAIN_SELF = YES;
				CLANG_WARN_OBJC_LITERAL_CONVERSION = YES;
				CLANG_WARN_OBJC_ROOT_CLASS = YES_ERROR;
				CLANG_WARN_QUOTED_INCLUDE_IN_FRAMEWORK_HEADER = YES;
				CLANG_WARN_RANGE_LOOP_ANALYSIS = YES;
				CLANG_WARN_STRICT_PROTOTYPES = YES;
				CLANG_WARN_SUSPICIOUS_MOVE = YES;
				CLANG_WARN_UNGUARDED_AVAILABILITY = YES_AGGRESSIVE;
				CLANG_WARN_UNREACHABLE_CODE = YES;
				CLANG_WARN__DUPLICATE_METHOD_MATCH = YES;
				COPY_PHASE_STRIP = NO;
				DEBUG_INFORMATION_FORMAT = dwarf;
				DEVELOPMENT_TEAM = D222VDKX92;
				ENABLE_STRICT_OBJC_MSGSEND = YES;
				ENABLE_TESTABILITY = YES;
				ENABLE_USER_SCRIPT_SANDBOXING = YES;
				GCC_C_LANGUAGE_STANDARD = gnu17;
				GCC_DYNAMIC_NO_PIC = NO;
				GCC_NO_COMMON_BLOCKS = YES;
				GCC_OPTIMIZATION_LEVEL = 0;
				GCC_PREPROCESSOR_DEFINITIONS = (
					"DEBUG=1",
					"$(inherited)",
				);
				GCC_WARN_64_TO_32_BIT_CONVERSION = YES;
				GCC_WARN_ABOUT_RETURN_TYPE = YES_ERROR;
				GCC_WARN_UNDECLARED_SELECTOR = YES;
				GCC_WARN_UNINITIALIZED_AUTOS = YES_AGGRESSIVE;
				GCC_WARN_UNUSED_FUNCTION = YES;
				GCC_WARN_UNUSED_VARIABLE = YES;
				IPHONEOS_DEPLOYMENT_TARGET = 26.5;
				LOCALIZATION_PREFERS_STRING_CATALOGS = YES;
				MTL_ENABLE_DEBUG_INFO = INCLUDE_SOURCE;
				MTL_FAST_MATH = YES;
				ONLY_ACTIVE_ARCH = YES;
				SDKROOT = iphoneos;
				SWIFT_ACTIVE_COMPILATION_CONDITIONS = "DEBUG $(inherited)";
				SWIFT_OPTIMIZATION_LEVEL = "-Onone";
			};
			name = Debug;
		};
		3038BC733055649200F6843E /* Release */ = {
			isa = XCBuildConfiguration;
			buildSettings = {
				ALWAYS_SEARCH_USER_PATHS = NO;
				ASSETCATALOG_COMPILER_GENERATE_SWIFT_ASSET_SYMBOL_EXTENSIONS = YES;
				CLANG_ANALYZER_NONNULL = YES;
				CLANG_ANALYZER_NUMBER_OBJECT_CONVERSION = YES_AGGRESSIVE;
				CLANG_CXX_LANGUAGE_STANDARD = "gnu++20";
				CLANG_ENABLE_MODULES = YES;
				CLANG_ENABLE_OBJC_ARC = YES;
				CLANG_ENABLE_OBJC_WEAK = YES;
				CLANG_WARN_BLOCK_CAPTURE_AUTORELEASING = YES;
				CLANG_WARN_BOOL_CONVERSION = YES;
				CLANG_WARN_COMMA = YES;
				CLANG_WARN_CONSTANT_CONVERSION = YES;
				CLANG_WARN_DEPRECATED_OBJC_IMPLEMENTATIONS = YES;
				CLANG_WARN_DIRECT_OBJC_ISA_USAGE = YES_ERROR;
				CLANG_WARN_DOCUMENTATION_COMMENTS = YES;
				CLANG_WARN_EMPTY_BODY = YES;
				CLANG_WARN_ENUM_CONVERSION = YES;
				CLANG_WARN_INFINITE_RECURSION = YES;
				CLANG_WARN_INT_CONVERSION = YES;
				CLANG_WARN_NON_LITERAL_NULL_CONVERSION = YES;
				CLANG_WARN_OBJC_IMPLICIT_RETAIN_SELF = YES;
				CLANG_WARN_OBJC_LITERAL_CONVERSION = YES;
				CLANG_WARN_OBJC_ROOT_CLASS = YES_ERROR;
				CLANG_WARN_QUOTED_INCLUDE_IN_FRAMEWORK_HEADER = YES;
				CLANG_WARN_RANGE_LOOP_ANALYSIS = YES;
				CLANG_WARN_STRICT_PROTOTYPES = YES;
				CLANG_WARN_SUSPICIOUS_MOVE = YES;
				CLANG_WARN_UNGUARDED_AVAILABILITY = YES_AGGRESSIVE;
				CLANG_WARN_UNREACHABLE_CODE = YES;
				CLANG_WARN__DUPLICATE_METHOD_MATCH = YES;
				COPY_PHASE_STRIP = NO;
				DEBUG_INFORMATION_FORMAT = "dwarf-with-dsym";
				DEVELOPMENT_TEAM = D222VDKX92;
				ENABLE_NS_ASSERTIONS = NO;
				ENABLE_STRICT_OBJC_MSGSEND = YES;
				ENABLE_USER_SCRIPT_SANDBOXING = YES;
				GCC_C_LANGUAGE_STANDARD = gnu17;
				GCC_NO_COMMON_BLOCKS = YES;
				GCC_WARN_64_TO_32_BIT_CONVERSION = YES;
				GCC_WARN_ABOUT_RETURN_TYPE = YES_ERROR;
				GCC_WARN_UNDECLARED_SELECTOR = YES;
				GCC_WARN_UNINITIALIZED_AUTOS = YES_AGGRESSIVE;
				GCC_WARN_UNUSED_FUNCTION = YES;
				GCC_WARN_UNUSED_VARIABLE = YES;
				IPHONEOS_DEPLOYMENT_TARGET = 26.5;
				LOCALIZATION_PREFERS_STRING_CATALOGS = YES;
				MTL_ENABLE_DEBUG_INFO = NO;
				MTL_FAST_MATH = YES;
				SDKROOT = iphoneos;
				SWIFT_COMPILATION_MODE = wholemodule;
				VALIDATE_PRODUCT = YES;
			};
			name = Release;
		};
		3038BC753055649200F6843E /* Debug */ = {
			isa = XCBuildConfiguration;
			buildSettings = {
				ASSETCATALOG_COMPILER_APPICON_NAME = AppIcon;
				ASSETCATALOG_COMPILER_GLOBAL_ACCENT_COLOR_NAME = AccentColor;
				CODE_SIGN_STYLE = Automatic;
				CURRENT_PROJECT_VERSION = 1;
				DEVELOPMENT_TEAM = D222VDKX92;
				ENABLE_PREVIEWS = YES;
				GENERATE_INFOPLIST_FILE = YES;
				INFOPLIST_FILE = MyLife/Info.plist;
				INFOPLIST_KEY_NSCameraUsageDescription = "MyLife needs access to your camera to take snapshots.";
				INFOPLIST_KEY_UIApplicationSceneManifest_Generation = YES;
				INFOPLIST_KEY_UIApplicationSupportsIndirectInputEvents = YES;
				INFOPLIST_KEY_UILaunchScreen_Generation = YES;
				INFOPLIST_KEY_UISupportedInterfaceOrientations_iPad = "UIInterfaceOrientationPortrait UIInterfaceOrientationPortraitUpsideDown UIInterfaceOrientationLandscapeLeft UIInterfaceOrientationLandscapeRight";
				INFOPLIST_KEY_UISupportedInterfaceOrientations_iPhone = "UIInterfaceOrientationPortrait UIInterfaceOrientationLandscapeLeft UIInterfaceOrientationLandscapeRight";
				LD_RUNPATH_SEARCH_PATHS = (
					"$(inherited)",
					"@executable_path/Frameworks",
				);
				MARKETING_VERSION = 1.0;
				PRODUCT_BUNDLE_IDENTIFIER = com.kunsh.MyLife;
				PRODUCT_NAME = "$(TARGET_NAME)";
				STRING_CATALOG_GENERATE_SYMBOLS = YES;
				SWIFT_APPROACHABLE_CONCURRENCY = YES;
				SWIFT_DEFAULT_ACTOR_ISOLATION = MainActor;
				SWIFT_EMIT_LOC_STRINGS = YES;
				SWIFT_UPCOMING_FEATURE_MEMBER_IMPORT_VISIBILITY = YES;
				SWIFT_VERSION = 5.0;
				TARGETED_DEVICE_FAMILY = "1,2";
			};
			name = Debug;
		};
		3038BC763055649200F6843E /* Release */ = {
			isa = XCBuildConfiguration;
			buildSettings = {
				ASSETCATALOG_COMPILER_APPICON_NAME = AppIcon;
				ASSETCATALOG_COMPILER_GLOBAL_ACCENT_COLOR_NAME = AccentColor;
				CODE_SIGN_STYLE = Automatic;
				CURRENT_PROJECT_VERSION = 1;
				DEVELOPMENT_TEAM = D222VDKX92;
				ENABLE_PREVIEWS = YES;
				GENERATE_INFOPLIST_FILE = YES;
				INFOPLIST_FILE = MyLife/Info.plist;
				INFOPLIST_KEY_NSCameraUsageDescription = "MyLife needs access to your camera to take snapshots.";
				INFOPLIST_KEY_UIApplicationSceneManifest_Generation = YES;
				INFOPLIST_KEY_UIApplicationSupportsIndirectInputEvents = YES;
				INFOPLIST_KEY_UILaunchScreen_Generation = YES;
				INFOPLIST_KEY_UISupportedInterfaceOrientations_iPad = "UIInterfaceOrientationPortrait UIInterfaceOrientationPortraitUpsideDown UIInterfaceOrientationLandscapeLeft UIInterfaceOrientationLandscapeRight";
				INFOPLIST_KEY_UISupportedInterfaceOrientations_iPhone = "UIInterfaceOrientationPortrait UIInterfaceOrientationLandscapeLeft UIInterfaceOrientationLandscapeRight";
				LD_RUNPATH_SEARCH_PATHS = (
					"$(inherited)",
					"@executable_path/Frameworks",
				);
				MARKETING_VERSION = 1.0;
				PRODUCT_BUNDLE_IDENTIFIER = com.kunsh.MyLife;
				PRODUCT_NAME = "$(TARGET_NAME)";
				STRING_CATALOG_GENERATE_SYMBOLS = YES;
				SWIFT_APPROACHABLE_CONCURRENCY = YES;
				SWIFT_DEFAULT_ACTOR_ISOLATION = MainActor;
				SWIFT_EMIT_LOC_STRINGS = YES;
				SWIFT_UPCOMING_FEATURE_MEMBER_IMPORT_VISIBILITY = YES;
				SWIFT_VERSION = 5.0;
				TARGETED_DEVICE_FAMILY = "1,2";
			};
			name = Release;
		};
		3038BC783055649200F6843E /* Debug */ = {
			isa = XCBuildConfiguration;
			buildSettings = {
				BUNDLE_LOADER = "$(TEST_HOST)";
				CODE_SIGN_STYLE = Automatic;
				CURRENT_PROJECT_VERSION = 1;
				DEVELOPMENT_TEAM = D222VDKX92;
				GENERATE_INFOPLIST_FILE = YES;
				IPHONEOS_DEPLOYMENT_TARGET = 26.5;
				MARKETING_VERSION = 1.0;
				PRODUCT_BUNDLE_IDENTIFIER = com.kunsh.MyLifeTests;
				PRODUCT_NAME = "$(TARGET_NAME)";
				STRING_CATALOG_GENERATE_SYMBOLS = NO;
				SWIFT_APPROACHABLE_CONCURRENCY = YES;
				SWIFT_EMIT_LOC_STRINGS = NO;
				SWIFT_UPCOMING_FEATURE_MEMBER_IMPORT_VISIBILITY = YES;
				SWIFT_VERSION = 5.0;
				TARGETED_DEVICE_FAMILY = "1,2";
				TEST_HOST = "$(BUILT_PRODUCTS_DIR)/MyLife.app/$(BUNDLE_EXECUTABLE_FOLDER_PATH)/MyLife";
			};
			name = Debug;
		};
		3038BC793055649200F6843E /* Release */ = {
			isa = XCBuildConfiguration;
			buildSettings = {
				BUNDLE_LOADER = "$(TEST_HOST)";
				CODE_SIGN_STYLE = Automatic;
				CURRENT_PROJECT_VERSION = 1;
				DEVELOPMENT_TEAM = D222VDKX92;
				GENERATE_INFOPLIST_FILE = YES;
				IPHONEOS_DEPLOYMENT_TARGET = 26.5;
				MARKETING_VERSION = 1.0;
				PRODUCT_BUNDLE_IDENTIFIER = com.kunsh.MyLifeTests;
				PRODUCT_NAME = "$(TARGET_NAME)";
				STRING_CATALOG_GENERATE_SYMBOLS = NO;
				SWIFT_APPROACHABLE_CONCURRENCY = YES;
				SWIFT_EMIT_LOC_STRINGS = NO;
				SWIFT_UPCOMING_FEATURE_MEMBER_IMPORT_VISIBILITY = YES;
				SWIFT_VERSION = 5.0;
				TARGETED_DEVICE_FAMILY = "1,2";
				TEST_HOST = "$(BUILT_PRODUCTS_DIR)/MyLife.app/$(BUNDLE_EXECUTABLE_FOLDER_PATH)/MyLife";
			};
			name = Release;
		};
		3038BC7B3055649200F6843E /* Debug */ = {
			isa = XCBuildConfiguration;
			buildSettings = {
				CODE_SIGN_STYLE = Automatic;
				CURRENT_PROJECT_VERSION = 1;
				DEVELOPMENT_TEAM = D222VDKX92;
				GENERATE_INFOPLIST_FILE = YES;
				MARKETING_VERSION = 1.0;
				PRODUCT_BUNDLE_IDENTIFIER = com.kunsh.MyLifeUITests;
				PRODUCT_NAME = "$(TARGET_NAME)";
				STRING_CATALOG_GENERATE_SYMBOLS = NO;
				SWIFT_APPROACHABLE_CONCURRENCY = YES;
				SWIFT_EMIT_LOC_STRINGS = NO;
				SWIFT_UPCOMING_FEATURE_MEMBER_IMPORT_VISIBILITY = YES;
				SWIFT_VERSION = 5.0;
				TARGETED_DEVICE_FAMILY = "1,2";
				TEST_TARGET_NAME = MyLife;
			};
			name = Debug;
		};
		3038BC7C3055649200F6843E /* Release */ = {
			isa = XCBuildConfiguration;
			buildSettings = {
				CODE_SIGN_STYLE = Automatic;
				CURRENT_PROJECT_VERSION = 1;
				DEVELOPMENT_TEAM = D222VDKX92;
				GENERATE_INFOPLIST_FILE = YES;
				MARKETING_VERSION = 1.0;
				PRODUCT_BUNDLE_IDENTIFIER = com.kunsh.MyLifeUITests;
				PRODUCT_NAME = "$(TARGET_NAME)";
				STRING_CATALOG_GENERATE_SYMBOLS = NO;
				SWIFT_APPROACHABLE_CONCURRENCY = YES;
				SWIFT_EMIT_LOC_STRINGS = NO;
				SWIFT_UPCOMING_FEATURE_MEMBER_IMPORT_VISIBILITY = YES;
				SWIFT_VERSION = 5.0;
				TARGETED_DEVICE_FAMILY = "1,2";
				TEST_TARGET_NAME = MyLife;
			};
			name = Release;
		};
/* End XCBuildConfiguration section */

/* Begin XCConfigurationList section */
		3038BC4E3055649000F6843E /* Build configuration list for PBXProject "MyLife" */ = {
			isa = XCConfigurationList;
			buildConfigurations = (
				3038BC723055649200F6843E /* Debug */,
				3038BC733055649200F6843E /* Release */,
			);
			defaultConfigurationIsVisible = 0;
			defaultConfigurationName = Release;
		};
		3038BC743055649200F6843E /* Build configuration list for PBXNativeTarget "MyLife" */ = {
			isa = XCConfigurationList;
			buildConfigurations = (
				3038BC753055649200F6843E /* Debug */,
				3038BC763055649200F6843E /* Release */,
			);
			defaultConfigurationIsVisible = 0;
			defaultConfigurationName = Release;
		};
		3038BC773055649200F6843E /* Build configuration list for PBXNativeTarget "MyLifeTests" */ = {
			isa = XCConfigurationList;
			buildConfigurations = (
				3038BC783055649200F6843E /* Debug */,
				3038BC793055649200F6843E /* Release */,
			);
			defaultConfigurationIsVisible = 0;
			defaultConfigurationName = Release;
		};
		3038BC7A3055649200F6843E /* Build configuration list for PBXNativeTarget "MyLifeUITests" */ = {
			isa = XCConfigurationList;
			buildConfigurations = (
				3038BC7B3055649200F6843E /* Debug */,
				3038BC7C3055649200F6843E /* Release */,
			);
			defaultConfigurationIsVisible = 0;
			defaultConfigurationName = Release;
		};
/* End XCConfigurationList section */

/* Begin XCRemoteSwiftPackageReference section */
		301A8A693055AE9400F58E4C /* XCRemoteSwiftPackageReference "supabase-swift" */ = {
			isa = XCRemoteSwiftPackageReference;
			repositoryURL = "https://github.com/supabase/supabase-swift";
			requirement = {
				kind = upToNextMajorVersion;
				minimumVersion = 2.5.1;
			};
		};
/* End XCRemoteSwiftPackageReference section */

/* Begin XCSwiftPackageProductDependency section */
		301A8A6A3055AE9400F58E4C /* Auth */ = {
			isa = XCSwiftPackageProductDependency;
			package = 301A8A693055AE9400F58E4C /* XCRemoteSwiftPackageReference "supabase-swift" */;
			productName = Auth;
		};
		301A8A6C3055AE9400F58E4C /* Supabase */ = {
			isa = XCSwiftPackageProductDependency;
			package = 301A8A693055AE9400F58E4C /* XCRemoteSwiftPackageReference "supabase-swift" */;
			productName = Supabase;
		};
/* End XCSwiftPackageProductDependency section */
	};
	rootObject = 3038BC4B3055649000F6843E /* Project object */;
}
